
Microsoft Visual Studio Solution File, Format Version 12.00
# Visual Studio Version 17
VisualStudioVersion = 17.11.35222.181
MinimumVisualStudioVersion = 10.0.40219.1
Project("{FAE04EC0-301F-11D3-BF4B-00C04F79EFBC}") = "VendingMachine", "VendingMachine\VendingMachine.csproj", "{4EE95332-2ADA-40E6-8899-EE63547FFC9B}"
EndProject
Global
	GlobalSection(SolutionConfigurationPlatforms) = preSolution
		Debug|Any CPU = Debug|Any CPU
		Release|Any CPU = Release|Any CPU
	EndGlobalSection
	GlobalSection(ProjectConfigurationPlatforms) = postSolution
		{4EE95332-2ADA-40E6-8899-EE63547FFC9B}.Debug|Any CPU.ActiveCfg = Debug|Any CPU
		{4EE95332-2ADA-40E6-8899-EE63547FFC9B}.Debug|Any CPU.Build.0 = Debug|Any CPU
		{4EE95332-2ADA-40E6-8899-EE63547FFC9B}.Release|Any CPU.ActiveCfg = Release|Any CPU
		{4EE95332-2ADA-40E6-8899-EE63547FFC9B}.Release|Any CPU.Build.0 = Release|Any CPU
	EndGlobalSection
	GlobalSection(SolutionProperties) = preSolution
		HideSolutionNode = FALSE
	EndGlobalSection
	GlobalSection(ExtensibilityGlobals) = postSolution
		SolutionGuid = {0425E1CA-713C-419F-A4DB-06297EA4B0DE}
	EndGlobalSection
EndGlobal
